
Microsoft Visual Studio Solution File, Format Version 12.00
# Visual Studio Version 16
VisualStudioVersion = 16.0.32630.194
MinimumVisualStudioVersion = 10.0.40219.1
Project("{8BC9CEB8-8B4A-11D0-8D11-00A0C91BC942}") = "STL", "STL\STL.vcxproj", "{20A76D66-4F5C-4E6C-AFBA-1CABDE8884C0}"
EndProject
Global
	GlobalSection(SolutionConfigurationPlatforms) = preSolution
		Debug|x64 = Debug|x64
		Debug|x86 = Debug|x86
		Release|x64 = Release|x64
		Release|x86 = Release|x86
	EndGlobalSection
	GlobalSection(ProjectConfigurationPlatforms) = postSolution
		{20A76D66-4F5C-4E6C-AFBA-1CABDE8884C0}.Debug|x64.ActiveCfg = Debug|x64
		{20A76D66-4F5C-4E6C-AFBA-1CABDE8884C0}.Debug|x64.Build.0 = Debug|x64
		{20A76D66-4F5C-4E6C-AFBA-1CABDE8884C0}.Debug|x86.ActiveCfg = Debug|Win32
		{20A76D66-4F5C-4E6C-AFBA-1CABDE8884C0}.Debug|x86.Build.0 = Debug|Win32
		{20A76D66-4F5C-4E6C-AFBA-1CABDE8884C0}.Release|x64.ActiveCfg = Release|x64
		{20A76D66-4F5C-4E6C-AFBA-1CABDE8884C0}.Release|x64.Build.0 = Release|x64
		{20A76D66-4F5C-4E6C-AFBA-1CABDE8884C0}.Release|x86.ActiveCfg = Release|Win32
		{20A76D66-4F5C-4E6C-AFBA-1CABDE8884C0}.Release|x86.Build.0 = Release|Win32
	EndGlobalSection
	GlobalSection(SolutionProperties) = preSolution
		HideSolutionNode = FALSE
	EndGlobalSection
	GlobalSection(ExtensibilityGlobals) = postSolution
		SolutionGuid = {98ECFD3F-74E0-4C67-AB8F-148F1826C5D4}
	EndGlobalSection
EndGlobal
