
Microsoft Visual Studio Solution File, Format Version 12.00
# Visual Studio Version 16
VisualStudioVersion = 16.0.32510.428
MinimumVisualStudioVersion = 10.0.40219.1
Project("{8BC9CEB8-8B4A-11D0-8D11-00A0C91BC942}") = "Project7", "Project7.vcxproj", "{C1BC45FA-FC24-45BB-98A2-EE89F19B2103}"
EndProject
Global
	GlobalSection(SolutionConfigurationPlatforms) = preSolution
		Debug|x64 = Debug|x64
		Debug|x86 = Debug|x86
		Release|x64 = Release|x64
		Release|x86 = Release|x86
	EndGlobalSection
	GlobalSection(ProjectConfigurationPlatforms) = postSolution
		{C1BC45FA-FC24-45BB-98A2-EE89F19B2103}.Debug|x64.ActiveCfg = Debug|x64
		{C1BC45FA-FC24-45BB-98A2-EE89F19B2103}.Debug|x64.Build.0 = Debug|x64
		{C1BC45FA-FC24-45BB-98A2-EE89F19B2103}.Debug|x86.ActiveCfg = Debug|Win32
		{C1BC45FA-FC24-45BB-98A2-EE89F19B2103}.Debug|x86.Build.0 = Debug|Win32
		{C1BC45FA-FC24-45BB-98A2-EE89F19B2103}.Release|x64.ActiveCfg = Release|x64
		{C1BC45FA-FC24-45BB-98A2-EE89F19B2103}.Release|x64.Build.0 = Release|x64
		{C1BC45FA-FC24-45BB-98A2-EE89F19B2103}.Release|x86.ActiveCfg = Release|Win32
		{C1BC45FA-FC24-45BB-98A2-EE89F19B2103}.Release|x86.Build.0 = Release|Win32
	EndGlobalSection
	GlobalSection(SolutionProperties) = preSolution
		HideSolutionNode = FALSE
	EndGlobalSection
	GlobalSection(ExtensibilityGlobals) = postSolution
		SolutionGuid = {DA413DC3-5229-434D-B1D5-368BC2201840}
	EndGlobalSection
EndGlobal
